
Microsoft Visual Studio Solution File, Format Version 12.00
# Visual Studio 15
Project("{FAE04EC0-301F-11D3-BF4B-00C04F79EFBC}") = "pokemon_classes", "pokemon_classes\pokemon_classes.csproj", "{96305253-A0E3-46D6-B664-E1E44321C74F}"
EndProject
Global
	GlobalSection(SolutionConfigurationPlatforms) = preSolution
		Debug|Any CPU = Debug|Any CPU
		Release|Any CPU = Release|Any CPU
	EndGlobalSection
	GlobalSection(ProjectConfigurationPlatforms) = postSolution
		{96305253-A0E3-46D6-B664-E1E44321C74F}.Debug|Any CPU.ActiveCfg = Debug|Any CPU
		{96305253-A0E3-46D6-B664-E1E44321C74F}.Debug|Any CPU.Build.0 = Debug|Any CPU
		{96305253-A0E3-46D6-B664-E1E44321C74F}.Release|Any CPU.ActiveCfg = Release|Any CPU
		{96305253-A0E3-46D6-B664-E1E44321C74F}.Release|Any CPU.Build.0 = Release|Any CPU
	EndGlobalSection
EndGlobal
